
Microsoft Visual Studio Solution File, Format Version 12.00
# Visual Studio Version 16
VisualStudioVersion = 16.0.32901.82
MinimumVisualStudioVersion = 10.0.40219.1
Project("{FAE04EC0-301F-11D3-BF4B-00C04F79EFBC}") = "Forms tehtävä 22", "Forms tehtävä 22\Forms tehtävä 22.csproj", "{401EEB5D-159C-4606-900A-FD82F5A40BC4}"
EndProject
Global
	GlobalSection(SolutionConfigurationPlatforms) = preSolution
		Debug|Any CPU = Debug|Any CPU
		Release|Any CPU = Release|Any CPU
	EndGlobalSection
	GlobalSection(ProjectConfigurationPlatforms) = postSolution
		{401EEB5D-159C-4606-900A-FD82F5A40BC4}.Debug|Any CPU.ActiveCfg = Debug|Any CPU
		{401EEB5D-159C-4606-900A-FD82F5A40BC4}.Debug|Any CPU.Build.0 = Debug|Any CPU
		{401EEB5D-159C-4606-900A-FD82F5A40BC4}.Release|Any CPU.ActiveCfg = Release|Any CPU
		{401EEB5D-159C-4606-900A-FD82F5A40BC4}.Release|Any CPU.Build.0 = Release|Any CPU
	EndGlobalSection
	GlobalSection(SolutionProperties) = preSolution
		HideSolutionNode = FALSE
	EndGlobalSection
	GlobalSection(ExtensibilityGlobals) = postSolution
		SolutionGuid = {F31B950E-9E21-4008-B93B-70B0B2D3B1A5}
	EndGlobalSection
EndGlobal
