
Microsoft Visual Studio Solution File, Format Version 12.00
# Visual Studio Version 17
VisualStudioVersion = 17.3.32929.385
MinimumVisualStudioVersion = 10.0.40219.1
Project("{FAE04EC0-301F-11D3-BF4B-00C04F79EFBC}") = "Form tehtävä 3", "Form tehtävä 3\Form tehtävä 3.csproj", "{423A34C8-0DCB-407C-89F9-12D7C95702CA}"
EndProject
Global
	GlobalSection(SolutionConfigurationPlatforms) = preSolution
		Debug|Any CPU = Debug|Any CPU
		Release|Any CPU = Release|Any CPU
	EndGlobalSection
	GlobalSection(ProjectConfigurationPlatforms) = postSolution
		{423A34C8-0DCB-407C-89F9-12D7C95702CA}.Debug|Any CPU.ActiveCfg = Debug|Any CPU
		{423A34C8-0DCB-407C-89F9-12D7C95702CA}.Debug|Any CPU.Build.0 = Debug|Any CPU
		{423A34C8-0DCB-407C-89F9-12D7C95702CA}.Release|Any CPU.ActiveCfg = Release|Any CPU
		{423A34C8-0DCB-407C-89F9-12D7C95702CA}.Release|Any CPU.Build.0 = Release|Any CPU
	EndGlobalSection
	GlobalSection(SolutionProperties) = preSolution
		HideSolutionNode = FALSE
	EndGlobalSection
	GlobalSection(ExtensibilityGlobals) = postSolution
		SolutionGuid = {5D0C004A-A4D5-43D2-A12F-7F25FB360807}
	EndGlobalSection
EndGlobal
