
Microsoft Visual Studio Solution File, Format Version 12.00
# Visual Studio Version 16
VisualStudioVersion = 16.0.32901.82
MinimumVisualStudioVersion = 10.0.40219.1
Project("{FAE04EC0-301F-11D3-BF4B-00C04F79EFBC}") = "Forms tehtävä 23", "Forms tehtävä 23\Forms tehtävä 23.csproj", "{37B1624D-B14E-4FDF-9264-1C37EC48C92D}"
EndProject
Global
	GlobalSection(SolutionConfigurationPlatforms) = preSolution
		Debug|Any CPU = Debug|Any CPU
		Release|Any CPU = Release|Any CPU
	EndGlobalSection
	GlobalSection(ProjectConfigurationPlatforms) = postSolution
		{37B1624D-B14E-4FDF-9264-1C37EC48C92D}.Debug|Any CPU.ActiveCfg = Debug|Any CPU
		{37B1624D-B14E-4FDF-9264-1C37EC48C92D}.Debug|Any CPU.Build.0 = Debug|Any CPU
		{37B1624D-B14E-4FDF-9264-1C37EC48C92D}.Release|Any CPU.ActiveCfg = Release|Any CPU
		{37B1624D-B14E-4FDF-9264-1C37EC48C92D}.Release|Any CPU.Build.0 = Release|Any CPU
	EndGlobalSection
	GlobalSection(SolutionProperties) = preSolution
		HideSolutionNode = FALSE
	EndGlobalSection
	GlobalSection(ExtensibilityGlobals) = postSolution
		SolutionGuid = {73B1615A-8E5D-4315-947C-2A6EFAE84315}
	EndGlobalSection
EndGlobal
