
Microsoft Visual Studio Solution File, Format Version 12.00
# Visual Studio Version 16
VisualStudioVersion = 16.0.32901.82
MinimumVisualStudioVersion = 10.0.40219.1
Project("{FAE04EC0-301F-11D3-BF4B-00C04F79EFBC}") = "Form tehtävä 18", "Form tehtävä 18\Form tehtävä 18.csproj", "{2852F05D-7080-468E-BA38-9CBEFD6E022A}"
EndProject
Global
	GlobalSection(SolutionConfigurationPlatforms) = preSolution
		Debug|Any CPU = Debug|Any CPU
		Release|Any CPU = Release|Any CPU
	EndGlobalSection
	GlobalSection(ProjectConfigurationPlatforms) = postSolution
		{2852F05D-7080-468E-BA38-9CBEFD6E022A}.Debug|Any CPU.ActiveCfg = Debug|Any CPU
		{2852F05D-7080-468E-BA38-9CBEFD6E022A}.Debug|Any CPU.Build.0 = Debug|Any CPU
		{2852F05D-7080-468E-BA38-9CBEFD6E022A}.Release|Any CPU.ActiveCfg = Release|Any CPU
		{2852F05D-7080-468E-BA38-9CBEFD6E022A}.Release|Any CPU.Build.0 = Release|Any CPU
	EndGlobalSection
	GlobalSection(SolutionProperties) = preSolution
		HideSolutionNode = FALSE
	EndGlobalSection
	GlobalSection(ExtensibilityGlobals) = postSolution
		SolutionGuid = {12DBD410-B1BF-46D1-A02E-E5C35F7286A2}
	EndGlobalSection
EndGlobal
