
Microsoft Visual Studio Solution File, Format Version 12.00
# Visual Studio Version 16
VisualStudioVersion = 16.0.32901.82
MinimumVisualStudioVersion = 10.0.40219.1
Project("{FAE04EC0-301F-11D3-BF4B-00C04F79EFBC}") = "Forms tehtävä 21", "Forms tehtävä 21\Forms tehtävä 21.csproj", "{6E6AC24D-F18D-48AC-8CC6-7523D74914D3}"
EndProject
Global
	GlobalSection(SolutionConfigurationPlatforms) = preSolution
		Debug|Any CPU = Debug|Any CPU
		Release|Any CPU = Release|Any CPU
	EndGlobalSection
	GlobalSection(ProjectConfigurationPlatforms) = postSolution
		{6E6AC24D-F18D-48AC-8CC6-7523D74914D3}.Debug|Any CPU.ActiveCfg = Debug|Any CPU
		{6E6AC24D-F18D-48AC-8CC6-7523D74914D3}.Debug|Any CPU.Build.0 = Debug|Any CPU
		{6E6AC24D-F18D-48AC-8CC6-7523D74914D3}.Release|Any CPU.ActiveCfg = Release|Any CPU
		{6E6AC24D-F18D-48AC-8CC6-7523D74914D3}.Release|Any CPU.Build.0 = Release|Any CPU
	EndGlobalSection
	GlobalSection(SolutionProperties) = preSolution
		HideSolutionNode = FALSE
	EndGlobalSection
	GlobalSection(ExtensibilityGlobals) = postSolution
		SolutionGuid = {402583EC-8D3B-4D3B-8B12-F463D37FB179}
	EndGlobalSection
EndGlobal
